// !$*UTF8*$!
{
	archiveVersion = 1;
	classes = {
	};
	objectVersion = 56;
	objects = {

/* Begin PBXBuildFile section */
		8A2C7A672B1D13B8008DF9F0 /* AppDelegate.swift in Sources */ = {isa = PBXBuildFile; fileRef = 8A2C7A662B1D13B8008DF9F0 /* AppDelegate.swift */; };
		8A2C7A6B2B1D13B8008DF9F0 /* WebViewController.swift in Sources */ = {isa = PBXBuildFile; fileRef = 8A2C7A6A2B1D13B8008DF9F0 /* WebViewController.swift */; };
		8A2C7A702B1D13B9008DF9F0 /* Assets.xcassets in Resources */ = {isa = PBXBuildFile; fileRef = 8A2C7A6F2B1D13B9008DF9F0 /* Assets.xcassets */; };
		8A2C7A732B1D13B9008DF9F0 /* LaunchScreen.storyboard in Resources */ = {isa = PBXBuildFile; fileRef = 8A2C7A712B1D13B9008DF9F0 /* LaunchScreen.storyboard */; };
		8A2C7A7B2B210797008DF9F0 /* FileDownloader.swift in Sources */ = {isa = PBXBuildFile; fileRef = 8A2C7A7A2B210797008DF9F0 /* FileDownloader.swift */; };
		8A2C7A7E2B212DC5008DF9F0 /* Zip in Frameworks */ = {isa = PBXBuildFile; productRef = 8A2C7A7D2B212DC5008DF9F0 /* Zip */; };
		8A57A44B2B236D21000D49A2 /* RxBlocking in Frameworks */ = {isa = PBXBuildFile; productRef = 8A57A44A2B236D21000D49A2 /* RxBlocking */; };
		8A57A44F2B236D21000D49A2 /* RxCocoa in Frameworks */ = {isa = PBXBuildFile; productRef = 8A57A44E2B236D21000D49A2 /* RxCocoa */; };
		8A57A4532B236D21000D49A2 /* RxRelay in Frameworks */ = {isa = PBXBuildFile; productRef = 8A57A4522B236D21000D49A2 /* RxRelay */; };
		8A57A4552B236D38000D49A2 /* ViewModel.swift in Sources */ = {isa = PBXBuildFile; fileRef = 8A57A4542B236D38000D49A2 /* ViewModel.swift */; };
		8A57A4572B236EDB000D49A2 /* HelperFunctions.swift in Sources */ = {isa = PBXBuildFile; fileRef = 8A57A4562B236EDB000D49A2 /* HelperFunctions.swift */; };
		8A57A45A2B24D1EC000D49A2 /* CoordinatorManager.swift in Sources */ = {isa = PBXBuildFile; fileRef = 8A57A4592B24D1EC000D49A2 /* CoordinatorManager.swift */; };
		8A57A45C2B2545E4000D49A2 /* NetworkService.swift in Sources */ = {isa = PBXBuildFile; fileRef = 8A57A45B2B2545E4000D49A2 /* NetworkService.swift */; };
		8A57A45E2B254622000D49A2 /* FileManager.swift in Sources */ = {isa = PBXBuildFile; fileRef = 8A57A45D2B254622000D49A2 /* FileManager.swift */; };
		8A57A4602B254677000D49A2 /* UnzipService.swift in Sources */ = {isa = PBXBuildFile; fileRef = 8A57A45F2B254677000D49A2 /* UnzipService.swift */; };
		8A57A46C2B264B3E000D49A2 /* WebView_ApproachTests.swift in Sources */ = {isa = PBXBuildFile; fileRef = 8A57A46B2B264B3E000D49A2 /* WebView_ApproachTests.swift */; };
/* End PBXBuildFile section */

/* Begin PBXContainerItemProxy section */
		8A57A46D2B264B3E000D49A2 /* PBXContainerItemProxy */ = {
			isa = PBXContainerItemProxy;
			containerPortal = 8A2C7A5B2B1D13B8008DF9F0 /* Project object */;
			proxyType = 1;
			remoteGlobalIDString = 8A2C7A622B1D13B8008DF9F0;
			remoteInfo = WebView_Approach;
		};
/* End PBXContainerItemProxy section */

/* Begin PBXFileReference section */
		8A2C7A632B1D13B8008DF9F0 /* WebView_Approach.app */ = {isa = PBXFileReference; explicitFileType = wrapper.application; includeInIndex = 0; path = WebView_Approach.app; sourceTree = BUILT_PRODUCTS_DIR; };
		8A2C7A662B1D13B8008DF9F0 /* AppDelegate.swift */ = {isa = PBXFileReference; lastKnownFileType = sourcecode.swift; path = AppDelegate.swift; sourceTree = "<group>"; };
		8A2C7A6A2B1D13B8008DF9F0 /* WebViewController.swift */ = {isa = PBXFileReference; lastKnownFileType = sourcecode.swift; path = WebViewController.swift; sourceTree = "<group>"; };
		8A2C7A6F2B1D13B9008DF9F0 /* Assets.xcassets */ = {isa = PBXFileReference; lastKnownFileType = folder.assetcatalog; path = Assets.xcassets; sourceTree = "<group>"; };
		8A2C7A722B1D13B9008DF9F0 /* Base */ = {isa = PBXFileReference; lastKnownFileType = file.storyboard; name = Base; path = Base.lproj/LaunchScreen.storyboard; sourceTree = "<group>"; };
		8A2C7A742B1D13B9008DF9F0 /* Info.plist */ = {isa = PBXFileReference; lastKnownFileType = text.plist.xml; path = Info.plist; sourceTree = "<group>"; };
		8A2C7A7A2B210797008DF9F0 /* FileDownloader.swift */ = {isa = PBXFileReference; lastKnownFileType = sourcecode.swift; path = FileDownloader.swift; sourceTree = "<group>"; };
		8A57A4542B236D38000D49A2 /* ViewModel.swift */ = {isa = PBXFileReference; lastKnownFileType = sourcecode.swift; path = ViewModel.swift; sourceTree = "<group>"; };
		8A57A4562B236EDB000D49A2 /* HelperFunctions.swift */ = {isa = PBXFileReference; lastKnownFileType = sourcecode.swift; path = HelperFunctions.swift; sourceTree = "<group>"; };
		8A57A4592B24D1EC000D49A2 /* CoordinatorManager.swift */ = {isa = PBXFileReference; lastKnownFileType = sourcecode.swift; path = CoordinatorManager.swift; sourceTree = "<group>"; };
		8A57A45B2B2545E4000D49A2 /* NetworkService.swift */ = {isa = PBXFileReference; lastKnownFileType = sourcecode.swift; path = NetworkService.swift; sourceTree = "<group>"; };
		8A57A45D2B254622000D49A2 /* FileManager.swift */ = {isa = PBXFileReference; lastKnownFileType = sourcecode.swift; path = FileManager.swift; sourceTree = "<group>"; };
		8A57A45F2B254677000D49A2 /* UnzipService.swift */ = {isa = PBXFileReference; lastKnownFileType = sourcecode.swift; path = UnzipService.swift; sourceTree = "<group>"; };
		8A57A4692B264B3E000D49A2 /* WebView_ApproachTests.xctest */ = {isa = PBXFileReference; explicitFileType = wrapper.cfbundle; includeInIndex = 0; path = WebView_ApproachTests.xctest; sourceTree = BUILT_PRODUCTS_DIR; };
		8A57A46B2B264B3E000D49A2 /* WebView_ApproachTests.swift */ = {isa = PBXFileReference; lastKnownFileType = sourcecode.swift; path = WebView_ApproachTests.swift; sourceTree = "<group>"; };
/* End PBXFileReference section */

/* Begin PBXFrameworksBuildPhase section */
		8A2C7A602B1D13B8008DF9F0 /* Frameworks */ = {
			isa = PBXFrameworksBuildPhase;
			buildActionMask = 2147483647;
			files = (
				8A57A4532B236D21000D49A2 /* RxRelay in Frameworks */,
				8A2C7A7E2B212DC5008DF9F0 /* Zip in Frameworks */,
				8A57A44F2B236D21000D49A2 /* RxCocoa in Frameworks */,
				8A57A44B2B236D21000D49A2 /* RxBlocking in Frameworks */,
			);
			runOnlyForDeploymentPostprocessing = 0;
		};
		8A57A4662B264B3E000D49A2 /* Frameworks */ = {
			isa = PBXFrameworksBuildPhase;
			buildActionMask = 2147483647;
			files = (
			);
			runOnlyForDeploymentPostprocessing = 0;
		};
/* End PBXFrameworksBuildPhase section */

/* Begin PBXGroup section */
		8A2C7A5A2B1D13B8008DF9F0 = {
			isa = PBXGroup;
			children = (
				8A2C7A652B1D13B8008DF9F0 /* WebView_Approach */,
				8A57A46A2B264B3E000D49A2 /* WebView_ApproachTests */,
				8A2C7A642B1D13B8008DF9F0 /* Products */,
			);
			sourceTree = "<group>";
		};
		8A2C7A642B1D13B8008DF9F0 /* Products */ = {
			isa = PBXGroup;
			children = (
				8A2C7A632B1D13B8008DF9F0 /* WebView_Approach.app */,
				8A57A4692B264B3E000D49A2 /* WebView_ApproachTests.xctest */,
			);
			name = Products;
			sourceTree = "<group>";
		};
		8A2C7A652B1D13B8008DF9F0 /* WebView_Approach */ = {
			isa = PBXGroup;
			children = (
				8A57A4642B254B78000D49A2 /* Resources */,
				8A57A4582B24D1DA000D49A2 /* Coordinator */,
				8A57A4632B254AD3000D49A2 /* Web Components */,
				8A57A4622B254A05000D49A2 /* Utilities */,
				8A57A4612B2549E3000D49A2 /* FileOperations */,
			);
			path = WebView_Approach;
			sourceTree = "<group>";
		};
		8A57A4582B24D1DA000D49A2 /* Coordinator */ = {
			isa = PBXGroup;
			children = (
				8A57A4592B24D1EC000D49A2 /* CoordinatorManager.swift */,
			);
			path = Coordinator;
			sourceTree = "<group>";
		};
		8A57A4612B2549E3000D49A2 /* FileOperations */ = {
			isa = PBXGroup;
			children = (
				8A2C7A7A2B210797008DF9F0 /* FileDownloader.swift */,
				8A57A45B2B2545E4000D49A2 /* NetworkService.swift */,
				8A57A45F2B254677000D49A2 /* UnzipService.swift */,
				8A57A45D2B254622000D49A2 /* FileManager.swift */,
			);
			path = FileOperations;
			sourceTree = "<group>";
		};
		8A57A4622B254A05000D49A2 /* Utilities */ = {
			isa = PBXGroup;
			children = (
				8A57A4562B236EDB000D49A2 /* HelperFunctions.swift */,
			);
			path = Utilities;
			sourceTree = "<group>";
		};
		8A57A4632B254AD3000D49A2 /* Web Components */ = {
			isa = PBXGroup;
			children = (
				8A2C7A6A2B1D13B8008DF9F0 /* WebViewController.swift */,
				8A57A4542B236D38000D49A2 /* ViewModel.swift */,
			);
			path = "Web Components";
			sourceTree = "<group>";
		};
		8A57A4642B254B78000D49A2 /* Resources */ = {
			isa = PBXGroup;
			children = (
				8A2C7A662B1D13B8008DF9F0 /* AppDelegate.swift */,
				8A2C7A6F2B1D13B9008DF9F0 /* Assets.xcassets */,
				8A2C7A712B1D13B9008DF9F0 /* LaunchScreen.storyboard */,
				8A2C7A742B1D13B9008DF9F0 /* Info.plist */,
			);
			path = Resources;
			sourceTree = "<group>";
		};
		8A57A46A2B264B3E000D49A2 /* WebView_ApproachTests */ = {
			isa = PBXGroup;
			children = (
				8A57A46B2B264B3E000D49A2 /* WebView_ApproachTests.swift */,
			);
			path = WebView_ApproachTests;
			sourceTree = "<group>";
		};
/* End PBXGroup section */

/* Begin PBXNativeTarget section */
		8A2C7A622B1D13B8008DF9F0 /* WebView_Approach */ = {
			isa = PBXNativeTarget;
			buildConfigurationList = 8A2C7A772B1D13B9008DF9F0 /* Build configuration list for PBXNativeTarget "WebView_Approach" */;
			buildPhases = (
				8A2C7A5F2B1D13B8008DF9F0 /* Sources */,
				8A2C7A602B1D13B8008DF9F0 /* Frameworks */,
				8A2C7A612B1D13B8008DF9F0 /* Resources */,
			);
			buildRules = (
			);
			dependencies = (
			);
			name = WebView_Approach;
			packageProductDependencies = (
				8A2C7A7D2B212DC5008DF9F0 /* Zip */,
				8A57A44A2B236D21000D49A2 /* RxBlocking */,
				8A57A44E2B236D21000D49A2 /* RxCocoa */,
				8A57A4522B236D21000D49A2 /* RxRelay */,
			);
			productName = WebView_Approach;
			productReference = 8A2C7A632B1D13B8008DF9F0 /* WebView_Approach.app */;
			productType = "com.apple.product-type.application";
		};
		8A57A4682B264B3E000D49A2 /* WebView_ApproachTests */ = {
			isa = PBXNativeTarget;
			buildConfigurationList = 8A57A46F2B264B3E000D49A2 /* Build configuration list for PBXNativeTarget "WebView_ApproachTests" */;
			buildPhases = (
				8A57A4652B264B3E000D49A2 /* Sources */,
				8A57A4662B264B3E000D49A2 /* Frameworks */,
				8A57A4672B264B3E000D49A2 /* Resources */,
			);
			buildRules = (
			);
			dependencies = (
				8A57A46E2B264B3E000D49A2 /* PBXTargetDependency */,
			);
			name = WebView_ApproachTests;
			productName = WebView_ApproachTests;
			productReference = 8A57A4692B264B3E000D49A2 /* WebView_ApproachTests.xctest */;
			productType = "com.apple.product-type.bundle.unit-test";
		};
/* End PBXNativeTarget section */

/* Begin PBXProject section */
		8A2C7A5B2B1D13B8008DF9F0 /* Project object */ = {
			isa = PBXProject;
			attributes = {
				BuildIndependentTargetsInParallel = 1;
				LastSwiftUpdateCheck = 1500;
				LastUpgradeCheck = 1500;
				TargetAttributes = {
					8A2C7A622B1D13B8008DF9F0 = {
						CreatedOnToolsVersion = 15.0.1;
					};
					8A57A4682B264B3E000D49A2 = {
						CreatedOnToolsVersion = 15.0.1;
						TestTargetID = 8A2C7A622B1D13B8008DF9F0;
					};
				};
			};
			buildConfigurationList = 8A2C7A5E2B1D13B8008DF9F0 /* Build configuration list for PBXProject "WebView_Approach" */;
			compatibilityVersion = "Xcode 14.0";
			developmentRegion = en;
			hasScannedForEncodings = 0;
			knownRegions = (
				en,
				Base,
			);
			mainGroup = 8A2C7A5A2B1D13B8008DF9F0;
			packageReferences = (
				8A2C7A7C2B212DC5008DF9F0 /* XCRemoteSwiftPackageReference "Zip" */,
				8A57A4492B236D21000D49A2 /* XCRemoteSwiftPackageReference "RxSwift" */,
			);
			productRefGroup = 8A2C7A642B1D13B8008DF9F0 /* Products */;
			projectDirPath = "";
			projectRoot = "";
			targets = (
				8A2C7A622B1D13B8008DF9F0 /* WebView_Approach */,
				8A57A4682B264B3E000D49A2 /* WebView_ApproachTests */,
			);
		};
/* End PBXProject section */

/* Begin PBXResourcesBuildPhase section */
		8A2C7A612B1D13B8008DF9F0 /* Resources */ = {
			isa = PBXResourcesBuildPhase;
			buildActionMask = 2147483647;
			files = (
				8A2C7A732B1D13B9008DF9F0 /* LaunchScreen.storyboard in Resources */,
				8A2C7A702B1D13B9008DF9F0 /* Assets.xcassets in Resources */,
			);
			runOnlyForDeploymentPostprocessing = 0;
		};
		8A57A4672B264B3E000D49A2 /* Resources */ = {
			isa = PBXResourcesBuildPhase;
			buildActionMask = 2147483647;
			files = (
			);
			runOnlyForDeploymentPostprocessing = 0;
		};
/* End PBXResourcesBuildPhase section */

/* Begin PBXSourcesBuildPhase section */
		8A2C7A5F2B1D13B8008DF9F0 /* Sources */ = {
			isa = PBXSourcesBuildPhase;
			buildActionMask = 2147483647;
			files = (
				8A57A4552B236D38000D49A2 /* ViewModel.swift in Sources */,
				8A2C7A6B2B1D13B8008DF9F0 /* WebViewController.swift in Sources */,
				8A57A45A2B24D1EC000D49A2 /* CoordinatorManager.swift in Sources */,
				8A2C7A672B1D13B8008DF9F0 /* AppDelegate.swift in Sources */,
				8A57A4602B254677000D49A2 /* UnzipService.swift in Sources */,
				8A2C7A7B2B210797008DF9F0 /* FileDownloader.swift in Sources */,
				8A57A4572B236EDB000D49A2 /* HelperFunctions.swift in Sources */,
				8A57A45C2B2545E4000D49A2 /* NetworkService.swift in Sources */,
				8A57A45E2B254622000D49A2 /* FileManager.swift in Sources */,
			);
			runOnlyForDeploymentPostprocessing = 0;
		};
		8A57A4652B264B3E000D49A2 /* Sources */ = {
			isa = PBXSourcesBuildPhase;
			buildActionMask = 2147483647;
			files = (
				8A57A46C2B264B3E000D49A2 /* WebView_ApproachTests.swift in Sources */,
			);
			runOnlyForDeploymentPostprocessing = 0;
		};
/* End PBXSourcesBuildPhase section */

/* Begin PBXTargetDependency section */
		8A57A46E2B264B3E000D49A2 /* PBXTargetDependency */ = {
			isa = PBXTargetDependency;
			target = 8A2C7A622B1D13B8008DF9F0 /* WebView_Approach */;
			targetProxy = 8A57A46D2B264B3E000D49A2 /* PBXContainerItemProxy */;
		};
/* End PBXTargetDependency section */

/* Begin PBXVariantGroup section */
		8A2C7A712B1D13B9008DF9F0 /* LaunchScreen.storyboard */ = {
			isa = PBXVariantGroup;
			children = (
				8A2C7A722B1D13B9008DF9F0 /* Base */,
			);
			name = LaunchScreen.storyboard;
			sourceTree = "<group>";
		};
/* End PBXVariantGroup section */

/* Begin XCBuildConfiguration section */
		8A2C7A752B1D13B9008DF9F0 /* Debug */ = {
			isa = XCBuildConfiguration;
			buildSettings = {
				ALWAYS_SEARCH_USER_PATHS = NO;
				ASSETCATALOG_COMPILER_GENERATE_SWIFT_ASSET_SYMBOL_EXTENSIONS = YES;
				CLANG_ANALYZER_NONNULL = YES;
				CLANG_ANALYZER_NUMBER_OBJECT_CONVERSION = YES_AGGRESSIVE;
				CLANG_CXX_LANGUAGE_STANDARD = "gnu++20";
				CLANG_ENABLE_MODULES = YES;
				CLANG_ENABLE_OBJC_ARC = YES;
				CLANG_ENABLE_OBJC_WEAK = YES;
				CLANG_WARN_BLOCK_CAPTURE_AUTORELEASING = YES;
				CLANG_WARN_BOOL_CONVERSION = YES;
				CLANG_WARN_COMMA = YES;
				CLANG_WARN_CONSTANT_CONVERSION = YES;
				CLANG_WARN_DEPRECATED_OBJC_IMPLEMENTATIONS = YES;
				CLANG_WARN_DIRECT_OBJC_ISA_USAGE = YES_ERROR;
				CLANG_WARN_DOCUMENTATION_COMMENTS = YES;
				CLANG_WARN_EMPTY_BODY = YES;
				CLANG_WARN_ENUM_CONVERSION = YES;
				CLANG_WARN_INFINITE_RECURSION = YES;
				CLANG_WARN_INT_CONVERSION = YES;
				CLANG_WARN_NON_LITERAL_NULL_CONVERSION = YES;
				CLANG_WARN_OBJC_IMPLICIT_RETAIN_SELF = YES;
				CLANG_WARN_OBJC_LITERAL_CONVERSION = YES;
				CLANG_WARN_OBJC_ROOT_CLASS = YES_ERROR;
				CLANG_WARN_QUOTED_INCLUDE_IN_FRAMEWORK_HEADER = YES;
				CLANG_WARN_RANGE_LOOP_ANALYSIS = YES;
				CLANG_WARN_STRICT_PROTOTYPES = YES;
				CLANG_WARN_SUSPICIOUS_MOVE = YES;
				CLANG_WARN_UNGUARDED_AVAILABILITY = YES_AGGRESSIVE;
				CLANG_WARN_UNREACHABLE_CODE = YES;
				CLANG_WARN__DUPLICATE_METHOD_MATCH = YES;
				COPY_PHASE_STRIP = NO;
				DEBUG_INFORMATION_FORMAT = dwarf;
				ENABLE_STRICT_OBJC_MSGSEND = YES;
				ENABLE_TESTABILITY = YES;
				ENABLE_USER_SCRIPT_SANDBOXING = YES;
				GCC_C_LANGUAGE_STANDARD = gnu17;
				GCC_DYNAMIC_NO_PIC = NO;
				GCC_NO_COMMON_BLOCKS = YES;
				GCC_OPTIMIZATION_LEVEL = 0;
				GCC_PREPROCESSOR_DEFINITIONS = (
					"DEBUG=1",
					"$(inherited)",
				);
				GCC_WARN_64_TO_32_BIT_CONVERSION = YES;
				GCC_WARN_ABOUT_RETURN_TYPE = YES_ERROR;
				GCC_WARN_UNDECLARED_SELECTOR = YES;
				GCC_WARN_UNINITIALIZED_AUTOS = YES_AGGRESSIVE;
				GCC_WARN_UNUSED_FUNCTION = YES;
				GCC_WARN_UNUSED_VARIABLE = YES;
				IPHONEOS_DEPLOYMENT_TARGET = 17.0;
				LOCALIZATION_PREFERS_STRING_CATALOGS = YES;
				MTL_ENABLE_DEBUG_INFO = INCLUDE_SOURCE;
				MTL_FAST_MATH = YES;
				ONLY_ACTIVE_ARCH = YES;
				SDKROOT = iphoneos;
				SWIFT_ACTIVE_COMPILATION_CONDITIONS = "DEBUG $(inherited)";
				SWIFT_OPTIMIZATION_LEVEL = "-Onone";
			};
			name = Debug;
		};
		8A2C7A762B1D13B9008DF9F0 /* Release */ = {
			isa = XCBuildConfiguration;
			buildSettings = {
				ALWAYS_SEARCH_USER_PATHS = NO;
				ASSETCATALOG_COMPILER_GENERATE_SWIFT_ASSET_SYMBOL_EXTENSIONS = YES;
				CLANG_ANALYZER_NONNULL = YES;
				CLANG_ANALYZER_NUMBER_OBJECT_CONVERSION = YES_AGGRESSIVE;
				CLANG_CXX_LANGUAGE_STANDARD = "gnu++20";
				CLANG_ENABLE_MODULES = YES;
				CLANG_ENABLE_OBJC_ARC = YES;
				CLANG_ENABLE_OBJC_WEAK = YES;
				CLANG_WARN_BLOCK_CAPTURE_AUTORELEASING = YES;
				CLANG_WARN_BOOL_CONVERSION = YES;
				CLANG_WARN_COMMA = YES;
				CLANG_WARN_CONSTANT_CONVERSION = YES;
				CLANG_WARN_DEPRECATED_OBJC_IMPLEMENTATIONS = YES;
				CLANG_WARN_DIRECT_OBJC_ISA_USAGE = YES_ERROR;
				CLANG_WARN_DOCUMENTATION_COMMENTS = YES;
				CLANG_WARN_EMPTY_BODY = YES;
				CLANG_WARN_ENUM_CONVERSION = YES;
				CLANG_WARN_INFINITE_RECURSION = YES;
				CLANG_WARN_INT_CONVERSION = YES;
				CLANG_WARN_NON_LITERAL_NULL_CONVERSION = YES;
				CLANG_WARN_OBJC_IMPLICIT_RETAIN_SELF = YES;
				CLANG_WARN_OBJC_LITERAL_CONVERSION = YES;
				CLANG_WARN_OBJC_ROOT_CLASS = YES_ERROR;
				CLANG_WARN_QUOTED_INCLUDE_IN_FRAMEWORK_HEADER = YES;
				CLANG_WARN_RANGE_LOOP_ANALYSIS = YES;
				CLANG_WARN_STRICT_PROTOTYPES = YES;
				CLANG_WARN_SUSPICIOUS_MOVE = YES;
				CLANG_WARN_UNGUARDED_AVAILABILITY = YES_AGGRESSIVE;
				CLANG_WARN_UNREACHABLE_CODE = YES;
				CLANG_WARN__DUPLICATE_METHOD_MATCH = YES;
				COPY_PHASE_STRIP = NO;
				DEBUG_INFORMATION_FORMAT = "dwarf-with-dsym";
				ENABLE_NS_ASSERTIONS = NO;
				ENABLE_STRICT_OBJC_MSGSEND = YES;
				ENABLE_USER_SCRIPT_SANDBOXING = YES;
				GCC_C_LANGUAGE_STANDARD = gnu17;
				GCC_NO_COMMON_BLOCKS = YES;
				GCC_WARN_64_TO_32_BIT_CONVERSION = YES;
				GCC_WARN_ABOUT_RETURN_TYPE = YES_ERROR;
				GCC_WARN_UNDECLARED_SELECTOR = YES;
				GCC_WARN_UNINITIALIZED_AUTOS = YES_AGGRESSIVE;
				GCC_WARN_UNUSED_FUNCTION = YES;
				GCC_WARN_UNUSED_VARIABLE = YES;
				IPHONEOS_DEPLOYMENT_TARGET = 17.0;
				LOCALIZATION_PREFERS_STRING_CATALOGS = YES;
				MTL_ENABLE_DEBUG_INFO = NO;
				MTL_FAST_MATH = YES;
				SDKROOT = iphoneos;
				SWIFT_COMPILATION_MODE = wholemodule;
				VALIDATE_PRODUCT = YES;
			};
			name = Release;
		};
		8A2C7A782B1D13B9008DF9F0 /* Debug */ = {
			isa = XCBuildConfiguration;
			buildSettings = {
				ASSETCATALOG_COMPILER_APPICON_NAME = AppIcon;
				ASSETCATALOG_COMPILER_GLOBAL_ACCENT_COLOR_NAME = AccentColor;
				CODE_SIGN_IDENTITY = "Apple Development";
				CODE_SIGN_STYLE = Automatic;
				CURRENT_PROJECT_VERSION = 1;
				DEVELOPMENT_TEAM = XHKRMS9TZN;
				GENERATE_INFOPLIST_FILE = YES;
				INFOPLIST_FILE = WebView_Approach/Resources/Info.plist;
				INFOPLIST_KEY_LSSupportsOpeningDocumentsInPlace = YES;
				INFOPLIST_KEY_UIApplicationSupportsIndirectInputEvents = YES;
				INFOPLIST_KEY_UILaunchStoryboardName = LaunchScreen;
				INFOPLIST_KEY_UIRequiresFullScreen = YES;
				INFOPLIST_KEY_UISupportedInterfaceOrientations = UIInterfaceOrientationPortrait;
				LD_RUNPATH_SEARCH_PATHS = (
					"$(inherited)",
					"@executable_path/Frameworks",
				);
				MARKETING_VERSION = 1.0;
				PRODUCT_BUNDLE_IDENTIFIER = "co.adam.WebView-Approach";
				PRODUCT_NAME = "$(TARGET_NAME)";
				PROVISIONING_PROFILE_SPECIFIER = "";
				SWIFT_EMIT_LOC_STRINGS = YES;
				SWIFT_VERSION = 5.0;
				TARGETED_DEVICE_FAMILY = "1,2";
			};
			name = Debug;
		};
		8A2C7A792B1D13B9008DF9F0 /* Release */ = {
			isa = XCBuildConfiguration;
			buildSettings = {
				ASSETCATALOG_COMPILER_APPICON_NAME = AppIcon;
				ASSETCATALOG_COMPILER_GLOBAL_ACCENT_COLOR_NAME = AccentColor;
				CODE_SIGN_IDENTITY = "Apple Development";
				CODE_SIGN_STYLE = Automatic;
				CURRENT_PROJECT_VERSION = 1;
				DEVELOPMENT_TEAM = XHKRMS9TZN;
				GENERATE_INFOPLIST_FILE = YES;
				INFOPLIST_FILE = WebView_Approach/Resources/Info.plist;
				INFOPLIST_KEY_LSSupportsOpeningDocumentsInPlace = YES;
				INFOPLIST_KEY_UIApplicationSupportsIndirectInputEvents = YES;
				INFOPLIST_KEY_UILaunchStoryboardName = LaunchScreen;
				INFOPLIST_KEY_UIRequiresFullScreen = YES;
				INFOPLIST_KEY_UISupportedInterfaceOrientations = UIInterfaceOrientationPortrait;
				LD_RUNPATH_SEARCH_PATHS = (
					"$(inherited)",
					"@executable_path/Frameworks",
				);
				MARKETING_VERSION = 1.0;
				PRODUCT_BUNDLE_IDENTIFIER = "co.adam.WebView-Approach";
				PRODUCT_NAME = "$(TARGET_NAME)";
				PROVISIONING_PROFILE_SPECIFIER = "";
				SWIFT_EMIT_LOC_STRINGS = YES;
				SWIFT_VERSION = 5.0;
				TARGETED_DEVICE_FAMILY = "1,2";
			};
			name = Release;
		};
		8A57A4702B264B3E000D49A2 /* Debug */ = {
			isa = XCBuildConfiguration;
			buildSettings = {
				BUNDLE_LOADER = "$(TEST_HOST)";
				CODE_SIGN_STYLE = Automatic;
				CURRENT_PROJECT_VERSION = 1;
				DEVELOPMENT_TEAM = XHKRMS9TZN;
				GENERATE_INFOPLIST_FILE = YES;
				MARKETING_VERSION = 1.0;
				PRODUCT_BUNDLE_IDENTIFIER = "co.adam.WebView-ApproachTests";
				PRODUCT_NAME = "$(TARGET_NAME)";
				SWIFT_EMIT_LOC_STRINGS = NO;
				SWIFT_VERSION = 5.0;
				TARGETED_DEVICE_FAMILY = "1,2";
				TEST_HOST = "$(BUILT_PRODUCTS_DIR)/WebView_Approach.app/$(BUNDLE_EXECUTABLE_FOLDER_PATH)/WebView_Approach";
			};
			name = Debug;
		};
		8A57A4712B264B3E000D49A2 /* Release */ = {
			isa = XCBuildConfiguration;
			buildSettings = {
				BUNDLE_LOADER = "$(TEST_HOST)";
				CODE_SIGN_STYLE = Automatic;
				CURRENT_PROJECT_VERSION = 1;
				DEVELOPMENT_TEAM = XHKRMS9TZN;
				GENERATE_INFOPLIST_FILE = YES;
				MARKETING_VERSION = 1.0;
				PRODUCT_BUNDLE_IDENTIFIER = "co.adam.WebView-ApproachTests";
				PRODUCT_NAME = "$(TARGET_NAME)";
				SWIFT_EMIT_LOC_STRINGS = NO;
				SWIFT_VERSION = 5.0;
				TARGETED_DEVICE_FAMILY = "1,2";
				TEST_HOST = "$(BUILT_PRODUCTS_DIR)/WebView_Approach.app/$(BUNDLE_EXECUTABLE_FOLDER_PATH)/WebView_Approach";
			};
			name = Release;
		};
/* End XCBuildConfiguration section */

/* Begin XCConfigurationList section */
		8A2C7A5E2B1D13B8008DF9F0 /* Build configuration list for PBXProject "WebView_Approach" */ = {
			isa = XCConfigurationList;
			buildConfigurations = (
				8A2C7A752B1D13B9008DF9F0 /* Debug */,
				8A2C7A762B1D13B9008DF9F0 /* Release */,
			);
			defaultConfigurationIsVisible = 0;
			defaultConfigurationName = Release;
		};
		8A2C7A772B1D13B9008DF9F0 /* Build configuration list for PBXNativeTarget "WebView_Approach" */ = {
			isa = XCConfigurationList;
			buildConfigurations = (
				8A2C7A782B1D13B9008DF9F0 /* Debug */,
				8A2C7A792B1D13B9008DF9F0 /* Release */,
			);
			defaultConfigurationIsVisible = 0;
			defaultConfigurationName = Release;
		};
		8A57A46F2B264B3E000D49A2 /* Build configuration list for PBXNativeTarget "WebView_ApproachTests" */ = {
			isa = XCConfigurationList;
			buildConfigurations = (
				8A57A4702B264B3E000D49A2 /* Debug */,
				8A57A4712B264B3E000D49A2 /* Release */,
			);
			defaultConfigurationIsVisible = 0;
			defaultConfigurationName = Release;
		};
/* End XCConfigurationList section */

/* Begin XCRemoteSwiftPackageReference section */
		8A2C7A7C2B212DC5008DF9F0 /* XCRemoteSwiftPackageReference "Zip" */ = {
			isa = XCRemoteSwiftPackageReference;
			repositoryURL = "https://github.com/marmelroy/Zip.git";
			requirement = {
				kind = upToNextMajorVersion;
				minimumVersion = 2.1.2;
			};
		};
		8A57A4492B236D21000D49A2 /* XCRemoteSwiftPackageReference "RxSwift" */ = {
			isa = XCRemoteSwiftPackageReference;
			repositoryURL = "https://github.com/ReactiveX/RxSwift.git";
			requirement = {
				kind = upToNextMajorVersion;
				minimumVersion = 6.6.0;
			};
		};
/* End XCRemoteSwiftPackageReference section */

/* Begin XCSwiftPackageProductDependency section */
		8A2C7A7D2B212DC5008DF9F0 /* Zip */ = {
			isa = XCSwiftPackageProductDependency;
			package = 8A2C7A7C2B212DC5008DF9F0 /* XCRemoteSwiftPackageReference "Zip" */;
			productName = Zip;
		};
		8A57A44A2B236D21000D49A2 /* RxBlocking */ = {
			isa = XCSwiftPackageProductDependency;
			package = 8A57A4492B236D21000D49A2 /* XCRemoteSwiftPackageReference "RxSwift" */;
			productName = RxBlocking;
		};
		8A57A44E2B236D21000D49A2 /* RxCocoa */ = {
			isa = XCSwiftPackageProductDependency;
			package = 8A57A4492B236D21000D49A2 /* XCRemoteSwiftPackageReference "RxSwift" */;
			productName = RxCocoa;
		};
		8A57A4522B236D21000D49A2 /* RxRelay */ = {
			isa = XCSwiftPackageProductDependency;
			package = 8A57A4492B236D21000D49A2 /* XCRemoteSwiftPackageReference "RxSwift" */;
			productName = RxRelay;
		};
/* End XCSwiftPackageProductDependency section */
	};
	rootObject = 8A2C7A5B2B1D13B8008DF9F0 /* Project object */;
}
